<?xml version="1.0" encoding="utf-8"?>
<Project ToolsVersion="4.0" xmlns="http://schemas.microsoft.com/developer/msbuild/2003">
  <ItemGroup>
    <ClCompile Include="game.cpp" />
    <ClCompile Include="surface.cpp">
      <Filter>template code</Filter>
    </ClCompile>
    <ClCompile Include="template.cpp">
      <Filter>template code</Filter>
    </ClCompile>
    <ClCompile Include="TileMap.cpp" />
    <ClCompile Include="Entity.cpp" />
    <ClCompile Include="Component.cpp" />
    <ClCompile Include="TransformComponent.cpp" />
    <ClCompile Include="Timer.cpp" />
    <ClCompile Include="PlayerComponent.cpp" />
    <ClCompile Include="ColliderComponent.cpp" />
  </ItemGroup>
  <ItemGroup>
    <ClInclude Include="game.h" />
    <ClInclude Include="surface.h">
      <Filter>template code</Filter>
    </ClInclude>
    <ClInclude Include="template.h">
      <Filter>template code</Filter>
    </ClInclude>
    <ClInclude Include="TileMap.h" />
    <ClInclude Include="Entity.h" />
    <ClInclude Include="Bounds.h" />
    <ClInclude Include="Component.h" />
    <ClInclude Include="TransformComponent.h" />
    <ClInclude Include="Timer.h" />
    <ClInclude Include="PlayerComponent.h" />
    <ClInclude Include="ColliderComponent.h" />
  </ItemGroup>
  <ItemGroup>
    <Filter Include="template code">
      <UniqueIdentifier>{bf32dd6e-4be7-4889-8ac6-49e7ee163c40}</UniqueIdentifier>
    </Filter>
  </ItemGroup>
  <ItemGroup>
    <Text Include="_readme.txt">
      <Filter>template code</Filter>
    </Text>
  </ItemGroup>
  <ItemGroup>
    <Image Include="assets\nc2tiles.png" />
  </ItemGroup>
</Project>